
Microsoft Visual Studio Solution File, Format Version 12.00
# Visual Studio Version 17
VisualStudioVersion = 17.9.34728.123
MinimumVisualStudioVersion = 10.0.40219.1
Project("{FAE04EC0-301F-11D3-BF4B-00C04F79EFBC}") = "Book Store", "Book Store\Book Store.csproj", "{3500CA66-F1B5-42DE-9754-4B86EF4F4BC3}"
EndProject
Global
	GlobalSection(SolutionConfigurationPlatforms) = preSolution
		Debug|Any CPU = Debug|Any CPU
		Release|Any CPU = Release|Any CPU
	EndGlobalSection
	GlobalSection(ProjectConfigurationPlatforms) = postSolution
		{3500CA66-F1B5-42DE-9754-4B86EF4F4BC3}.Debug|Any CPU.ActiveCfg = Debug|Any CPU
		{3500CA66-F1B5-42DE-9754-4B86EF4F4BC3}.Debug|Any CPU.Build.0 = Debug|Any CPU
		{3500CA66-F1B5-42DE-9754-4B86EF4F4BC3}.Release|Any CPU.ActiveCfg = Release|Any CPU
		{3500CA66-F1B5-42DE-9754-4B86EF4F4BC3}.Release|Any CPU.Build.0 = Release|Any CPU
	EndGlobalSection
	GlobalSection(SolutionProperties) = preSolution
		HideSolutionNode = FALSE
	EndGlobalSection
	GlobalSection(ExtensibilityGlobals) = postSolution
		SolutionGuid = {D5E55BAE-2C2C-4FA0-909D-64D755248391}
	EndGlobalSection
EndGlobal
